
Microsoft Visual Studio Solution File, Format Version 12.00
# Visual Studio Version 17
VisualStudioVersion = 17.14.35906.104 d17.14
MinimumVisualStudioVersion = 10.0.40219.1
Project("{FAE04EC0-301F-11D3-BF4B-00C04F79EFBC}") = "onlineBookStore", "onlineBookStore\onlineBookStore.csproj", "{597F3AFE-0CE5-454D-BF35-1AEB42D88996}"
EndProject
Global
	GlobalSection(SolutionConfigurationPlatforms) = preSolution
		Debug|Any CPU = Debug|Any CPU
		Release|Any CPU = Release|Any CPU
	EndGlobalSection
	GlobalSection(ProjectConfigurationPlatforms) = postSolution
		{597F3AFE-0CE5-454D-BF35-1AEB42D88996}.Debug|Any CPU.ActiveCfg = Debug|Any CPU
		{597F3AFE-0CE5-454D-BF35-1AEB42D88996}.Debug|Any CPU.Build.0 = Debug|Any CPU
		{597F3AFE-0CE5-454D-BF35-1AEB42D88996}.Release|Any CPU.ActiveCfg = Release|Any CPU
		{597F3AFE-0CE5-454D-BF35-1AEB42D88996}.Release|Any CPU.Build.0 = Release|Any CPU
	EndGlobalSection
	GlobalSection(SolutionProperties) = preSolution
		HideSolutionNode = FALSE
	EndGlobalSection
	GlobalSection(ExtensibilityGlobals) = postSolution
		SolutionGuid = {ADD5B163-8CEC-434B-95A3-E6C672676C36}
	EndGlobalSection
EndGlobal
